// !$*UTF8*$!
{
	archiveVersion = 1;
	classes = {
	};
	objectVersion = 56;
	objects = {

/* Begin PBXBuildFile section */
		225723BB2AAA99A10029F051 /* SearchFeaturesView.swift in Sources */ = {isa = PBXBuildFile; fileRef = 225723BA2AAA99A10029F051 /* SearchFeaturesView.swift */; };
		225723BD2AAAA3C90029F051 /* FeaturesCardView.swift in Sources */ = {isa = PBXBuildFile; fileRef = 225723BC2AAAA3C90029F051 /* FeaturesCardView.swift */; };
		225723BF2AAAAC250029F051 /* SponsoredCardView.swift in Sources */ = {isa = PBXBuildFile; fileRef = 225723BE2AAAAC250029F051 /* SponsoredCardView.swift */; };
		225723C52AAFD7BF0029F051 /* SplashScreenView.swift in Sources */ = {isa = PBXBuildFile; fileRef = 226D53DA2A89B1B400AAB8C1 /* SplashScreenView.swift */; };
		225723C62AAFD8820029F051 /* MELTv4App.swift in Sources */ = {isa = PBXBuildFile; fileRef = 226D53AB2A89AC1A00AAB8C1 /* MELTv4App.swift */; };
		225723C82AB1255C0029F051 /* GoogleService-Info.plist in Resources */ = {isa = PBXBuildFile; fileRef = 225723C72AB1255C0029F051 /* GoogleService-Info.plist */; };
		225723CB2AB126E80029F051 /* FirebaseAnalytics in Frameworks */ = {isa = PBXBuildFile; productRef = 225723CA2AB126E80029F051 /* FirebaseAnalytics */; };
		225723CD2AB126E80029F051 /* FirebaseAnalyticsOnDeviceConversion in Frameworks */ = {isa = PBXBuildFile; productRef = 225723CC2AB126E80029F051 /* FirebaseAnalyticsOnDeviceConversion */; };
		225723CF2AB126E80029F051 /* FirebaseAnalyticsSwift in Frameworks */ = {isa = PBXBuildFile; productRef = 225723CE2AB126E80029F051 /* FirebaseAnalyticsSwift */; };
		225723D12AB126E80029F051 /* FirebaseAnalyticsWithoutAdIdSupport in Frameworks */ = {isa = PBXBuildFile; productRef = 225723D02AB126E80029F051 /* FirebaseAnalyticsWithoutAdIdSupport */; };
		225723D32AB126E80029F051 /* FirebaseAppCheck in Frameworks */ = {isa = PBXBuildFile; productRef = 225723D22AB126E80029F051 /* FirebaseAppCheck */; };
		225723D52AB126E80029F051 /* FirebaseAppDistribution-Beta in Frameworks */ = {isa = PBXBuildFile; productRef = 225723D42AB126E80029F051 /* FirebaseAppDistribution-Beta */; };
		225723D72AB126E80029F051 /* FirebaseAuth in Frameworks */ = {isa = PBXBuildFile; productRef = 225723D62AB126E80029F051 /* FirebaseAuth */; };
		225723D92AB126E80029F051 /* FirebaseAuthCombine-Community in Frameworks */ = {isa = PBXBuildFile; productRef = 225723D82AB126E80029F051 /* FirebaseAuthCombine-Community */; };
		225723DB2AB126E80029F051 /* FirebaseCrashlytics in Frameworks */ = {isa = PBXBuildFile; productRef = 225723DA2AB126E80029F051 /* FirebaseCrashlytics */; };
		225723DD2AB126E80029F051 /* FirebaseDatabase in Frameworks */ = {isa = PBXBuildFile; productRef = 225723DC2AB126E80029F051 /* FirebaseDatabase */; };
		225723DF2AB126E80029F051 /* FirebaseDatabaseSwift in Frameworks */ = {isa = PBXBuildFile; productRef = 225723DE2AB126E80029F051 /* FirebaseDatabaseSwift */; };
		225723E12AB126E80029F051 /* FirebaseDynamicLinks in Frameworks */ = {isa = PBXBuildFile; productRef = 225723E02AB126E80029F051 /* FirebaseDynamicLinks */; };
		225723E32AB126E80029F051 /* FirebaseFirestore in Frameworks */ = {isa = PBXBuildFile; productRef = 225723E22AB126E80029F051 /* FirebaseFirestore */; };
		225723E52AB126E80029F051 /* FirebaseFirestoreCombine-Community in Frameworks */ = {isa = PBXBuildFile; productRef = 225723E42AB126E80029F051 /* FirebaseFirestoreCombine-Community */; };
		225723E72AB126E80029F051 /* FirebaseFirestoreSwift in Frameworks */ = {isa = PBXBuildFile; productRef = 225723E62AB126E80029F051 /* FirebaseFirestoreSwift */; };
		225723E92AB126E80029F051 /* FirebaseFunctions in Frameworks */ = {isa = PBXBuildFile; productRef = 225723E82AB126E80029F051 /* FirebaseFunctions */; };
		225723EB2AB126E80029F051 /* FirebaseFunctionsCombine-Community in Frameworks */ = {isa = PBXBuildFile; productRef = 225723EA2AB126E80029F051 /* FirebaseFunctionsCombine-Community */; };
		225723ED2AB126E80029F051 /* FirebaseInAppMessaging-Beta in Frameworks */ = {isa = PBXBuildFile; productRef = 225723EC2AB126E80029F051 /* FirebaseInAppMessaging-Beta */; };
		225723EF2AB126E80029F051 /* FirebaseInAppMessagingSwift-Beta in Frameworks */ = {isa = PBXBuildFile; productRef = 225723EE2AB126E80029F051 /* FirebaseInAppMessagingSwift-Beta */; };
		225723F12AB126E80029F051 /* FirebaseInstallations in Frameworks */ = {isa = PBXBuildFile; productRef = 225723F02AB126E80029F051 /* FirebaseInstallations */; };
		225723F32AB126E80029F051 /* FirebaseMLModelDownloader in Frameworks */ = {isa = PBXBuildFile; productRef = 225723F22AB126E80029F051 /* FirebaseMLModelDownloader */; };
		225723F52AB126E80029F051 /* FirebaseMessaging in Frameworks */ = {isa = PBXBuildFile; productRef = 225723F42AB126E80029F051 /* FirebaseMessaging */; };
		225723F72AB126E80029F051 /* FirebasePerformance in Frameworks */ = {isa = PBXBuildFile; productRef = 225723F62AB126E80029F051 /* FirebasePerformance */; };
		225723F92AB126E80029F051 /* FirebaseRemoteConfig in Frameworks */ = {isa = PBXBuildFile; productRef = 225723F82AB126E80029F051 /* FirebaseRemoteConfig */; };
		225723FB2AB126E80029F051 /* FirebaseRemoteConfigSwift in Frameworks */ = {isa = PBXBuildFile; productRef = 225723FA2AB126E80029F051 /* FirebaseRemoteConfigSwift */; };
		225723FD2AB126E80029F051 /* FirebaseStorage in Frameworks */ = {isa = PBXBuildFile; productRef = 225723FC2AB126E80029F051 /* FirebaseStorage */; };
		225723FF2AB126E80029F051 /* FirebaseStorageCombine-Community in Frameworks */ = {isa = PBXBuildFile; productRef = 225723FE2AB126E80029F051 /* FirebaseStorageCombine-Community */; };
		225724032AB543500029F051 /* HeaderView.swift in Sources */ = {isa = PBXBuildFile; fileRef = 225724022AB543500029F051 /* HeaderView.swift */; };
		226D53AE2A89AC1A00AAB8C1 /* ContentView.swift in Sources */ = {isa = PBXBuildFile; fileRef = 226D53AD2A89AC1A00AAB8C1 /* ContentView.swift */; };
		226D53B02A89AC1B00AAB8C1 /* Assets.xcassets in Resources */ = {isa = PBXBuildFile; fileRef = 226D53AF2A89AC1B00AAB8C1 /* Assets.xcassets */; };
		226D53B32A89AC1B00AAB8C1 /* Preview Assets.xcassets in Resources */ = {isa = PBXBuildFile; fileRef = 226D53B22A89AC1B00AAB8C1 /* Preview Assets.xcassets */; };
		226D53BD2A89AC1B00AAB8C1 /* MELTv4Tests.swift in Sources */ = {isa = PBXBuildFile; fileRef = 226D53BC2A89AC1B00AAB8C1 /* MELTv4Tests.swift */; };
		226D53C72A89AC1B00AAB8C1 /* MELTv4UITests.swift in Sources */ = {isa = PBXBuildFile; fileRef = 226D53C62A89AC1B00AAB8C1 /* MELTv4UITests.swift */; };
		226D53C92A89AC1B00AAB8C1 /* MELTv4UITestsLaunchTests.swift in Sources */ = {isa = PBXBuildFile; fileRef = 226D53C82A89AC1B00AAB8C1 /* MELTv4UITestsLaunchTests.swift */; };
		22793F832A89B61D00E6492A /* CardData.swift in Sources */ = {isa = PBXBuildFile; fileRef = 22793F822A89B61D00E6492A /* CardData.swift */; };
		22793F852A89B66100E6492A /* Model.swift in Sources */ = {isa = PBXBuildFile; fileRef = 22793F842A89B66100E6492A /* Model.swift */; };
		22793F872A89B70800E6492A /* UserProfileView.swift in Sources */ = {isa = PBXBuildFile; fileRef = 22793F862A89B70800E6492A /* UserProfileView.swift */; };
		22793F892A89B71700E6492A /* SettingsView.swift in Sources */ = {isa = PBXBuildFile; fileRef = 22793F882A89B71700E6492A /* SettingsView.swift */; };
		22793F8B2A89B73900E6492A /* CookbookView.swift in Sources */ = {isa = PBXBuildFile; fileRef = 22793F8A2A89B73900E6492A /* CookbookView.swift */; };
		22793F8D2A89B78200E6492A /* CardSection.swift in Sources */ = {isa = PBXBuildFile; fileRef = 22793F8C2A89B78200E6492A /* CardSection.swift */; };
		22793F8F2A89B7B300E6492A /* CardView.swift in Sources */ = {isa = PBXBuildFile; fileRef = 22793F8E2A89B7B300E6492A /* CardView.swift */; };
		22793FD22A916FBF00E6492A /* CookbookCardView.swift in Sources */ = {isa = PBXBuildFile; fileRef = 22793FD12A916FBF00E6492A /* CookbookCardView.swift */; };
		22A02B332A9AC9FC001573E1 /* LoginView.swift in Sources */ = {isa = PBXBuildFile; fileRef = 22A02B322A9AC9FC001573E1 /* LoginView.swift */; };
		22A02B352A9ACB44001573E1 /* InputView.swift in Sources */ = {isa = PBXBuildFile; fileRef = 22A02B342A9ACB44001573E1 /* InputView.swift */; };
		22A02B372A9AD3D2001573E1 /* RegistrationView.swift in Sources */ = {isa = PBXBuildFile; fileRef = 22A02B362A9AD3D2001573E1 /* RegistrationView.swift */; };
		22A02B3B2AA3F94D001573E1 /* CardRowView.swift in Sources */ = {isa = PBXBuildFile; fileRef = 22A02B3A2AA3F94D001573E1 /* CardRowView.swift */; };
		22A02B3D2AA4046D001573E1 /* CardDetailView.swift in Sources */ = {isa = PBXBuildFile; fileRef = 22A02B3C2AA4046D001573E1 /* CardDetailView.swift */; };
		22A02B3F2AA40565001573E1 /* CardDetailHeaderView.swift in Sources */ = {isa = PBXBuildFile; fileRef = 22A02B3E2AA40565001573E1 /* CardDetailHeaderView.swift */; };
/* End PBXBuildFile section */

/* Begin PBXContainerItemProxy section */
		226D53B92A89AC1B00AAB8C1 /* PBXContainerItemProxy */ = {
			isa = PBXContainerItemProxy;
			containerPortal = 226D53A02A89AC1A00AAB8C1 /* Project object */;
			proxyType = 1;
			remoteGlobalIDString = 226D53A72A89AC1A00AAB8C1;
			remoteInfo = MELTv4;
		};
		226D53C32A89AC1B00AAB8C1 /* PBXContainerItemProxy */ = {
			isa = PBXContainerItemProxy;
			containerPortal = 226D53A02A89AC1A00AAB8C1 /* Project object */;
			proxyType = 1;
			remoteGlobalIDString = 226D53A72A89AC1A00AAB8C1;
			remoteInfo = MELTv4;
		};
/* End PBXContainerItemProxy section */

/* Begin PBXFileReference section */
		225723BA2AAA99A10029F051 /* SearchFeaturesView.swift */ = {isa = PBXFileReference; lastKnownFileType = sourcecode.swift; path = SearchFeaturesView.swift; sourceTree = "<group>"; };
		225723BC2AAAA3C90029F051 /* FeaturesCardView.swift */ = {isa = PBXFileReference; lastKnownFileType = sourcecode.swift; path = FeaturesCardView.swift; sourceTree = "<group>"; };
		225723BE2AAAAC250029F051 /* SponsoredCardView.swift */ = {isa = PBXFileReference; lastKnownFileType = sourcecode.swift; path = SponsoredCardView.swift; sourceTree = "<group>"; };
		225723C72AB1255C0029F051 /* GoogleService-Info.plist */ = {isa = PBXFileReference; fileEncoding = 4; lastKnownFileType = text.plist.xml; path = "GoogleService-Info.plist"; sourceTree = "<group>"; };
		225724022AB543500029F051 /* HeaderView.swift */ = {isa = PBXFileReference; lastKnownFileType = sourcecode.swift; path = HeaderView.swift; sourceTree = "<group>"; };
		226D53A82A89AC1A00AAB8C1 /* MELTv4.app */ = {isa = PBXFileReference; explicitFileType = wrapper.application; includeInIndex = 0; path = MELTv4.app; sourceTree = BUILT_PRODUCTS_DIR; };
		226D53AB2A89AC1A00AAB8C1 /* MELTv4App.swift */ = {isa = PBXFileReference; lastKnownFileType = sourcecode.swift; path = MELTv4App.swift; sourceTree = "<group>"; };
		226D53AD2A89AC1A00AAB8C1 /* ContentView.swift */ = {isa = PBXFileReference; lastKnownFileType = sourcecode.swift; path = ContentView.swift; sourceTree = "<group>"; };
		226D53AF2A89AC1B00AAB8C1 /* Assets.xcassets */ = {isa = PBXFileReference; lastKnownFileType = folder.assetcatalog; path = Assets.xcassets; sourceTree = "<group>"; };
		226D53B22A89AC1B00AAB8C1 /* Preview Assets.xcassets */ = {isa = PBXFileReference; lastKnownFileType = folder.assetcatalog; path = "Preview Assets.xcassets"; sourceTree = "<group>"; };
		226D53B82A89AC1B00AAB8C1 /* MELTv4Tests.xctest */ = {isa = PBXFileReference; explicitFileType = wrapper.cfbundle; includeInIndex = 0; path = MELTv4Tests.xctest; sourceTree = BUILT_PRODUCTS_DIR; };
		226D53BC2A89AC1B00AAB8C1 /* MELTv4Tests.swift */ = {isa = PBXFileReference; lastKnownFileType = sourcecode.swift; path = MELTv4Tests.swift; sourceTree = "<group>"; };
		226D53C22A89AC1B00AAB8C1 /* MELTv4UITests.xctest */ = {isa = PBXFileReference; explicitFileType = wrapper.cfbundle; includeInIndex = 0; path = MELTv4UITests.xctest; sourceTree = BUILT_PRODUCTS_DIR; };
		226D53C62A89AC1B00AAB8C1 /* MELTv4UITests.swift */ = {isa = PBXFileReference; lastKnownFileType = sourcecode.swift; path = MELTv4UITests.swift; sourceTree = "<group>"; };
		226D53C82A89AC1B00AAB8C1 /* MELTv4UITestsLaunchTests.swift */ = {isa = PBXFileReference; lastKnownFileType = sourcecode.swift; path = MELTv4UITestsLaunchTests.swift; sourceTree = "<group>"; };
		226D53DA2A89B1B400AAB8C1 /* SplashScreenView.swift */ = {isa = PBXFileReference; lastKnownFileType = sourcecode.swift; path = SplashScreenView.swift; sourceTree = "<group>"; };
		22793F822A89B61D00E6492A /* CardData.swift */ = {isa = PBXFileReference; lastKnownFileType = sourcecode.swift; path = CardData.swift; sourceTree = "<group>"; };
		22793F842A89B66100E6492A /* Model.swift */ = {isa = PBXFileReference; lastKnownFileType = sourcecode.swift; path = Model.swift; sourceTree = "<group>"; };
		22793F862A89B70800E6492A /* UserProfileView.swift */ = {isa = PBXFileReference; lastKnownFileType = sourcecode.swift; path = UserProfileView.swift; sourceTree = "<group>"; };
		22793F882A89B71700E6492A /* SettingsView.swift */ = {isa = PBXFileReference; lastKnownFileType = sourcecode.swift; path = SettingsView.swift; sourceTree = "<group>"; };
		22793F8A2A89B73900E6492A /* CookbookView.swift */ = {isa = PBXFileReference; lastKnownFileType = sourcecode.swift; path = CookbookView.swift; sourceTree = "<group>"; };
		22793F8C2A89B78200E6492A /* CardSection.swift */ = {isa = PBXFileReference; lastKnownFileType = sourcecode.swift; path = CardSection.swift; sourceTree = "<group>"; };
		22793F8E2A89B7B300E6492A /* CardView.swift */ = {isa = PBXFileReference; lastKnownFileType = sourcecode.swift; path = CardView.swift; sourceTree = "<group>"; };
		22793FD12A916FBF00E6492A /* CookbookCardView.swift */ = {isa = PBXFileReference; lastKnownFileType = sourcecode.swift; path = CookbookCardView.swift; sourceTree = "<group>"; };
		22A02B322A9AC9FC001573E1 /* LoginView.swift */ = {isa = PBXFileReference; lastKnownFileType = sourcecode.swift; path = LoginView.swift; sourceTree = "<group>"; };
		22A02B342A9ACB44001573E1 /* InputView.swift */ = {isa = PBXFileReference; lastKnownFileType = sourcecode.swift; path = InputView.swift; sourceTree = "<group>"; };
		22A02B362A9AD3D2001573E1 /* RegistrationView.swift */ = {isa = PBXFileReference; lastKnownFileType = sourcecode.swift; path = RegistrationView.swift; sourceTree = "<group>"; };
		22A02B3A2AA3F94D001573E1 /* CardRowView.swift */ = {isa = PBXFileReference; lastKnownFileType = sourcecode.swift; path = CardRowView.swift; sourceTree = "<group>"; };
		22A02B3C2AA4046D001573E1 /* CardDetailView.swift */ = {isa = PBXFileReference; lastKnownFileType = sourcecode.swift; path = CardDetailView.swift; sourceTree = "<group>"; };
		22A02B3E2AA40565001573E1 /* CardDetailHeaderView.swift */ = {isa = PBXFileReference; lastKnownFileType = sourcecode.swift; path = CardDetailHeaderView.swift; sourceTree = "<group>"; };
/* End PBXFileReference section */

/* Begin PBXFrameworksBuildPhase section */
		226D53A52A89AC1A00AAB8C1 /* Frameworks */ = {
			isa = PBXFrameworksBuildPhase;
			buildActionMask = 2147483647;
			files = (
				225723DD2AB126E80029F051 /* FirebaseDatabase in Frameworks */,
				225723EB2AB126E80029F051 /* FirebaseFunctionsCombine-Community in Frameworks */,
				225723E32AB126E80029F051 /* FirebaseFirestore in Frameworks */,
				225723CF2AB126E80029F051 /* FirebaseAnalyticsSwift in Frameworks */,
				225723CB2AB126E80029F051 /* FirebaseAnalytics in Frameworks */,
				225723CD2AB126E80029F051 /* FirebaseAnalyticsOnDeviceConversion in Frameworks */,
				225723F32AB126E80029F051 /* FirebaseMLModelDownloader in Frameworks */,
				225723E72AB126E80029F051 /* FirebaseFirestoreSwift in Frameworks */,
				225723D32AB126E80029F051 /* FirebaseAppCheck in Frameworks */,
				225723D12AB126E80029F051 /* FirebaseAnalyticsWithoutAdIdSupport in Frameworks */,
				225723D72AB126E80029F051 /* FirebaseAuth in Frameworks */,
				225723DB2AB126E80029F051 /* FirebaseCrashlytics in Frameworks */,
				225723FB2AB126E80029F051 /* FirebaseRemoteConfigSwift in Frameworks */,
				225723ED2AB126E80029F051 /* FirebaseInAppMessaging-Beta in Frameworks */,
				225723DF2AB126E80029F051 /* FirebaseDatabaseSwift in Frameworks */,
				225723E92AB126E80029F051 /* FirebaseFunctions in Frameworks */,
				225723FF2AB126E80029F051 /* FirebaseStorageCombine-Community in Frameworks */,
				225723F92AB126E80029F051 /* FirebaseRemoteConfig in Frameworks */,
				225723D52AB126E80029F051 /* FirebaseAppDistribution-Beta in Frameworks */,
				225723D92AB126E80029F051 /* FirebaseAuthCombine-Community in Frameworks */,
				225723F72AB126E80029F051 /* FirebasePerformance in Frameworks */,
				225723EF2AB126E80029F051 /* FirebaseInAppMessagingSwift-Beta in Frameworks */,
				225723FD2AB126E80029F051 /* FirebaseStorage in Frameworks */,
				225723E12AB126E80029F051 /* FirebaseDynamicLinks in Frameworks */,
				225723E52AB126E80029F051 /* FirebaseFirestoreCombine-Community in Frameworks */,
				225723F52AB126E80029F051 /* FirebaseMessaging in Frameworks */,
				225723F12AB126E80029F051 /* FirebaseInstallations in Frameworks */,
			);
			runOnlyForDeploymentPostprocessing = 0;
		};
		226D53B52A89AC1B00AAB8C1 /* Frameworks */ = {
			isa = PBXFrameworksBuildPhase;
			buildActionMask = 2147483647;
			files = (
			);
			runOnlyForDeploymentPostprocessing = 0;
		};
		226D53BF2A89AC1B00AAB8C1 /* Frameworks */ = {
			isa = PBXFrameworksBuildPhase;
			buildActionMask = 2147483647;
			files = (
			);
			runOnlyForDeploymentPostprocessing = 0;
		};
/* End PBXFrameworksBuildPhase section */

/* Begin PBXGroup section */
		225723C02AAAB61F0029F051 /* CardViews */ = {
			isa = PBXGroup;
			children = (
				225723BE2AAAAC250029F051 /* SponsoredCardView.swift */,
				22793FD12A916FBF00E6492A /* CookbookCardView.swift */,
				22A02B3C2AA4046D001573E1 /* CardDetailView.swift */,
				225723BC2AAAA3C90029F051 /* FeaturesCardView.swift */,
				22A02B3E2AA40565001573E1 /* CardDetailHeaderView.swift */,
				22793F8C2A89B78200E6492A /* CardSection.swift */,
				22A02B3A2AA3F94D001573E1 /* CardRowView.swift */,
			);
			path = CardViews;
			sourceTree = "<group>";
		};
		226D539F2A89AC1A00AAB8C1 = {
			isa = PBXGroup;
			children = (
				226D53AA2A89AC1A00AAB8C1 /* MELTv4 */,
				226D53BB2A89AC1B00AAB8C1 /* MELTv4Tests */,
				226D53C52A89AC1B00AAB8C1 /* MELTv4UITests */,
				226D53A92A89AC1A00AAB8C1 /* Products */,
			);
			sourceTree = "<group>";
		};
		226D53A92A89AC1A00AAB8C1 /* Products */ = {
			isa = PBXGroup;
			children = (
				226D53A82A89AC1A00AAB8C1 /* MELTv4.app */,
				226D53B82A89AC1B00AAB8C1 /* MELTv4Tests.xctest */,
				226D53C22A89AC1B00AAB8C1 /* MELTv4UITests.xctest */,
			);
			name = Products;
			sourceTree = "<group>";
		};
		226D53AA2A89AC1A00AAB8C1 /* MELTv4 */ = {
			isa = PBXGroup;
			children = (
				225723C72AB1255C0029F051 /* GoogleService-Info.plist */,
				226D53AF2A89AC1B00AAB8C1 /* Assets.xcassets */,
				226D53AB2A89AC1A00AAB8C1 /* MELTv4App.swift */,
				22A02B2C2A9AC980001573E1 /* Authentication */,
				225723C02AAAB61F0029F051 /* CardViews */,
				22793F7F2A89B5F200E6492A /* Data */,
				226D53D52A89AF3D00AAB8C1 /* Views */,
				226D53B12A89AC1B00AAB8C1 /* Preview Content */,
			);
			path = MELTv4;
			sourceTree = "<group>";
		};
		226D53B12A89AC1B00AAB8C1 /* Preview Content */ = {
			isa = PBXGroup;
			children = (
				226D53B22A89AC1B00AAB8C1 /* Preview Assets.xcassets */,
			);
			path = "Preview Content";
			sourceTree = "<group>";
		};
		226D53BB2A89AC1B00AAB8C1 /* MELTv4Tests */ = {
			isa = PBXGroup;
			children = (
				226D53BC2A89AC1B00AAB8C1 /* MELTv4Tests.swift */,
			);
			path = MELTv4Tests;
			sourceTree = "<group>";
		};
		226D53C52A89AC1B00AAB8C1 /* MELTv4UITests */ = {
			isa = PBXGroup;
			children = (
				226D53C62A89AC1B00AAB8C1 /* MELTv4UITests.swift */,
				226D53C82A89AC1B00AAB8C1 /* MELTv4UITestsLaunchTests.swift */,
			);
			path = MELTv4UITests;
			sourceTree = "<group>";
		};
		226D53D52A89AF3D00AAB8C1 /* Views */ = {
			isa = PBXGroup;
			children = (
				226D53AD2A89AC1A00AAB8C1 /* ContentView.swift */,
				22793F8A2A89B73900E6492A /* CookbookView.swift */,
				226D53DA2A89B1B400AAB8C1 /* SplashScreenView.swift */,
				225724022AB543500029F051 /* HeaderView.swift */,
				22793F862A89B70800E6492A /* UserProfileView.swift */,
				22793F882A89B71700E6492A /* SettingsView.swift */,
				22793F8E2A89B7B300E6492A /* CardView.swift */,
				225723BA2AAA99A10029F051 /* SearchFeaturesView.swift */,
			);
			path = Views;
			sourceTree = "<group>";
		};
		22793F7F2A89B5F200E6492A /* Data */ = {
			isa = PBXGroup;
			children = (
				22793F822A89B61D00E6492A /* CardData.swift */,
				22793F842A89B66100E6492A /* Model.swift */,
			);
			path = Data;
			sourceTree = "<group>";
		};
		22A02B2C2A9AC980001573E1 /* Authentication */ = {
			isa = PBXGroup;
			children = (
				22A02B312A9AC9D8001573E1 /* Components */,
				22A02B2D2A9AC997001573E1 /* Core */,
				22A02B302A9AC9C9001573E1 /* Model */,
			);
			path = Authentication;
			sourceTree = "<group>";
		};
		22A02B2D2A9AC997001573E1 /* Core */ = {
			isa = PBXGroup;
			children = (
				22A02B2F2A9AC9BC001573E1 /* Profile */,
				22A02B2E2A9AC9A4001573E1 /* AuthPage */,
			);
			path = Core;
			sourceTree = "<group>";
		};
		22A02B2E2A9AC9A4001573E1 /* AuthPage */ = {
			isa = PBXGroup;
			children = (
				22A02B322A9AC9FC001573E1 /* LoginView.swift */,
				22A02B362A9AD3D2001573E1 /* RegistrationView.swift */,
			);
			path = AuthPage;
			sourceTree = "<group>";
		};
		22A02B2F2A9AC9BC001573E1 /* Profile */ = {
			isa = PBXGroup;
			children = (
			);
			path = Profile;
			sourceTree = "<group>";
		};
		22A02B302A9AC9C9001573E1 /* Model */ = {
			isa = PBXGroup;
			children = (
			);
			path = Model;
			sourceTree = "<group>";
		};
		22A02B312A9AC9D8001573E1 /* Components */ = {
			isa = PBXGroup;
			children = (
				22A02B342A9ACB44001573E1 /* InputView.swift */,
			);
			path = Components;
			sourceTree = "<group>";
		};
/* End PBXGroup section */

/* Begin PBXNativeTarget section */
		226D53A72A89AC1A00AAB8C1 /* MELTv4 */ = {
			isa = PBXNativeTarget;
			buildConfigurationList = 226D53CC2A89AC1B00AAB8C1 /* Build configuration list for PBXNativeTarget "MELTv4" */;
			buildPhases = (
				226D53A42A89AC1A00AAB8C1 /* Sources */,
				226D53A52A89AC1A00AAB8C1 /* Frameworks */,
				226D53A62A89AC1A00AAB8C1 /* Resources */,
			);
			buildRules = (
			);
			dependencies = (
			);
			name = MELTv4;
			packageProductDependencies = (
				225723CA2AB126E80029F051 /* FirebaseAnalytics */,
				225723CC2AB126E80029F051 /* FirebaseAnalyticsOnDeviceConversion */,
				225723CE2AB126E80029F051 /* FirebaseAnalyticsSwift */,
				225723D02AB126E80029F051 /* FirebaseAnalyticsWithoutAdIdSupport */,
				225723D22AB126E80029F051 /* FirebaseAppCheck */,
				225723D42AB126E80029F051 /* FirebaseAppDistribution-Beta */,
				225723D62AB126E80029F051 /* FirebaseAuth */,
				225723D82AB126E80029F051 /* FirebaseAuthCombine-Community */,
				225723DA2AB126E80029F051 /* FirebaseCrashlytics */,
				225723DC2AB126E80029F051 /* FirebaseDatabase */,
				225723DE2AB126E80029F051 /* FirebaseDatabaseSwift */,
				225723E02AB126E80029F051 /* FirebaseDynamicLinks */,
				225723E22AB126E80029F051 /* FirebaseFirestore */,
				225723E42AB126E80029F051 /* FirebaseFirestoreCombine-Community */,
				225723E62AB126E80029F051 /* FirebaseFirestoreSwift */,
				225723E82AB126E80029F051 /* FirebaseFunctions */,
				225723EA2AB126E80029F051 /* FirebaseFunctionsCombine-Community */,
				225723EC2AB126E80029F051 /* FirebaseInAppMessaging-Beta */,
				225723EE2AB126E80029F051 /* FirebaseInAppMessagingSwift-Beta */,
				225723F02AB126E80029F051 /* FirebaseInstallations */,
				225723F22AB126E80029F051 /* FirebaseMLModelDownloader */,
				225723F42AB126E80029F051 /* FirebaseMessaging */,
				225723F62AB126E80029F051 /* FirebasePerformance */,
				225723F82AB126E80029F051 /* FirebaseRemoteConfig */,
				225723FA2AB126E80029F051 /* FirebaseRemoteConfigSwift */,
				225723FC2AB126E80029F051 /* FirebaseStorage */,
				225723FE2AB126E80029F051 /* FirebaseStorageCombine-Community */,
			);
			productName = MELTv4;
			productReference = 226D53A82A89AC1A00AAB8C1 /* MELTv4.app */;
			productType = "com.apple.product-type.application";
		};
		226D53B72A89AC1B00AAB8C1 /* MELTv4Tests */ = {
			isa = PBXNativeTarget;
			buildConfigurationList = 226D53CF2A89AC1B00AAB8C1 /* Build configuration list for PBXNativeTarget "MELTv4Tests" */;
			buildPhases = (
				226D53B42A89AC1B00AAB8C1 /* Sources */,
				226D53B52A89AC1B00AAB8C1 /* Frameworks */,
				226D53B62A89AC1B00AAB8C1 /* Resources */,
			);
			buildRules = (
			);
			dependencies = (
				226D53BA2A89AC1B00AAB8C1 /* PBXTargetDependency */,
			);
			name = MELTv4Tests;
			productName = MELTv4Tests;
			productReference = 226D53B82A89AC1B00AAB8C1 /* MELTv4Tests.xctest */;
			productType = "com.apple.product-type.bundle.unit-test";
		};
		226D53C12A89AC1B00AAB8C1 /* MELTv4UITests */ = {
			isa = PBXNativeTarget;
			buildConfigurationList = 226D53D22A89AC1B00AAB8C1 /* Build configuration list for PBXNativeTarget "MELTv4UITests" */;
			buildPhases = (
				226D53BE2A89AC1B00AAB8C1 /* Sources */,
				226D53BF2A89AC1B00AAB8C1 /* Frameworks */,
				226D53C02A89AC1B00AAB8C1 /* Resources */,
			);
			buildRules = (
			);
			dependencies = (
				226D53C42A89AC1B00AAB8C1 /* PBXTargetDependency */,
			);
			name = MELTv4UITests;
			productName = MELTv4UITests;
			productReference = 226D53C22A89AC1B00AAB8C1 /* MELTv4UITests.xctest */;
			productType = "com.apple.product-type.bundle.ui-testing";
		};
/* End PBXNativeTarget section */

/* Begin PBXProject section */
		226D53A02A89AC1A00AAB8C1 /* Project object */ = {
			isa = PBXProject;
			attributes = {
				BuildIndependentTargetsInParallel = 1;
				LastSwiftUpdateCheck = 1430;
				LastUpgradeCheck = 1430;
				TargetAttributes = {
					226D53A72A89AC1A00AAB8C1 = {
						CreatedOnToolsVersion = 14.3;
					};
					226D53B72A89AC1B00AAB8C1 = {
						CreatedOnToolsVersion = 14.3;
						TestTargetID = 226D53A72A89AC1A00AAB8C1;
					};
					226D53C12A89AC1B00AAB8C1 = {
						CreatedOnToolsVersion = 14.3;
						TestTargetID = 226D53A72A89AC1A00AAB8C1;
					};
				};
			};
			buildConfigurationList = 226D53A32A89AC1A00AAB8C1 /* Build configuration list for PBXProject "MELTv4" */;
			compatibilityVersion = "Xcode 14.0";
			developmentRegion = en;
			hasScannedForEncodings = 0;
			knownRegions = (
				en,
				Base,
			);
			mainGroup = 226D539F2A89AC1A00AAB8C1;
			packageReferences = (
				225723C92AB126E80029F051 /* XCRemoteSwiftPackageReference "firebase-ios-sdk" */,
			);
			productRefGroup = 226D53A92A89AC1A00AAB8C1 /* Products */;
			projectDirPath = "";
			projectRoot = "";
			targets = (
				226D53A72A89AC1A00AAB8C1 /* MELTv4 */,
				226D53B72A89AC1B00AAB8C1 /* MELTv4Tests */,
				226D53C12A89AC1B00AAB8C1 /* MELTv4UITests */,
			);
		};
/* End PBXProject section */

/* Begin PBXResourcesBuildPhase section */
		226D53A62A89AC1A00AAB8C1 /* Resources */ = {
			isa = PBXResourcesBuildPhase;
			buildActionMask = 2147483647;
			files = (
				226D53B32A89AC1B00AAB8C1 /* Preview Assets.xcassets in Resources */,
				226D53B02A89AC1B00AAB8C1 /* Assets.xcassets in Resources */,
				225723C82AB1255C0029F051 /* GoogleService-Info.plist in Resources */,
			);
			runOnlyForDeploymentPostprocessing = 0;
		};
		226D53B62A89AC1B00AAB8C1 /* Resources */ = {
			isa = PBXResourcesBuildPhase;
			buildActionMask = 2147483647;
			files = (
			);
			runOnlyForDeploymentPostprocessing = 0;
		};
		226D53C02A89AC1B00AAB8C1 /* Resources */ = {
			isa = PBXResourcesBuildPhase;
			buildActionMask = 2147483647;
			files = (
			);
			runOnlyForDeploymentPostprocessing = 0;
		};
/* End PBXResourcesBuildPhase section */

/* Begin PBXSourcesBuildPhase section */
		226D53A42A89AC1A00AAB8C1 /* Sources */ = {
			isa = PBXSourcesBuildPhase;
			buildActionMask = 2147483647;
			files = (
				22793F892A89B71700E6492A /* SettingsView.swift in Sources */,
				22A02B352A9ACB44001573E1 /* InputView.swift in Sources */,
				22793F852A89B66100E6492A /* Model.swift in Sources */,
				22793F872A89B70800E6492A /* UserProfileView.swift in Sources */,
				22A02B3F2AA40565001573E1 /* CardDetailHeaderView.swift in Sources */,
				226D53AE2A89AC1A00AAB8C1 /* ContentView.swift in Sources */,
				225723BB2AAA99A10029F051 /* SearchFeaturesView.swift in Sources */,
				225724032AB543500029F051 /* HeaderView.swift in Sources */,
				225723C52AAFD7BF0029F051 /* SplashScreenView.swift in Sources */,
				22793FD22A916FBF00E6492A /* CookbookCardView.swift in Sources */,
				22793F8F2A89B7B300E6492A /* CardView.swift in Sources */,
				225723BD2AAAA3C90029F051 /* FeaturesCardView.swift in Sources */,
				22793F832A89B61D00E6492A /* CardData.swift in Sources */,
				22A02B3B2AA3F94D001573E1 /* CardRowView.swift in Sources */,
				22A02B372A9AD3D2001573E1 /* RegistrationView.swift in Sources */,
				225723BF2AAAAC250029F051 /* SponsoredCardView.swift in Sources */,
				22793F8D2A89B78200E6492A /* CardSection.swift in Sources */,
				22A02B332A9AC9FC001573E1 /* LoginView.swift in Sources */,
				22A02B3D2AA4046D001573E1 /* CardDetailView.swift in Sources */,
				225723C62AAFD8820029F051 /* MELTv4App.swift in Sources */,
				22793F8B2A89B73900E6492A /* CookbookView.swift in Sources */,
			);
			runOnlyForDeploymentPostprocessing = 0;
		};
		226D53B42A89AC1B00AAB8C1 /* Sources */ = {
			isa = PBXSourcesBuildPhase;
			buildActionMask = 2147483647;
			files = (
				226D53BD2A89AC1B00AAB8C1 /* MELTv4Tests.swift in Sources */,
			);
			runOnlyForDeploymentPostprocessing = 0;
		};
		226D53BE2A89AC1B00AAB8C1 /* Sources */ = {
			isa = PBXSourcesBuildPhase;
			buildActionMask = 2147483647;
			files = (
				226D53C92A89AC1B00AAB8C1 /* MELTv4UITestsLaunchTests.swift in Sources */,
				226D53C72A89AC1B00AAB8C1 /* MELTv4UITests.swift in Sources */,
			);
			runOnlyForDeploymentPostprocessing = 0;
		};
/* End PBXSourcesBuildPhase section */

/* Begin PBXTargetDependency section */
		226D53BA2A89AC1B00AAB8C1 /* PBXTargetDependency */ = {
			isa = PBXTargetDependency;
			target = 226D53A72A89AC1A00AAB8C1 /* MELTv4 */;
			targetProxy = 226D53B92A89AC1B00AAB8C1 /* PBXContainerItemProxy */;
		};
		226D53C42A89AC1B00AAB8C1 /* PBXTargetDependency */ = {
			isa = PBXTargetDependency;
			target = 226D53A72A89AC1A00AAB8C1 /* MELTv4 */;
			targetProxy = 226D53C32A89AC1B00AAB8C1 /* PBXContainerItemProxy */;
		};
/* End PBXTargetDependency section */

/* Begin XCBuildConfiguration section */
		226D53CA2A89AC1B00AAB8C1 /* Debug */ = {
			isa = XCBuildConfiguration;
			buildSettings = {
				ALWAYS_SEARCH_USER_PATHS = NO;
				CLANG_ANALYZER_NONNULL = YES;
				CLANG_ANALYZER_NUMBER_OBJECT_CONVERSION = YES_AGGRESSIVE;
				CLANG_CXX_LANGUAGE_STANDARD = "gnu++20";
				CLANG_ENABLE_MODULES = YES;
				CLANG_ENABLE_OBJC_ARC = YES;
				CLANG_ENABLE_OBJC_WEAK = YES;
				CLANG_WARN_BLOCK_CAPTURE_AUTORELEASING = YES;
				CLANG_WARN_BOOL_CONVERSION = YES;
				CLANG_WARN_COMMA = YES;
				CLANG_WARN_CONSTANT_CONVERSION = YES;
				CLANG_WARN_DEPRECATED_OBJC_IMPLEMENTATIONS = YES;
				CLANG_WARN_DIRECT_OBJC_ISA_USAGE = YES_ERROR;
				CLANG_WARN_DOCUMENTATION_COMMENTS = YES;
				CLANG_WARN_EMPTY_BODY = YES;
				CLANG_WARN_ENUM_CONVERSION = YES;
				CLANG_WARN_INFINITE_RECURSION = YES;
				CLANG_WARN_INT_CONVERSION = YES;
				CLANG_WARN_NON_LITERAL_NULL_CONVERSION = YES;
				CLANG_WARN_OBJC_IMPLICIT_RETAIN_SELF = YES;
				CLANG_WARN_OBJC_LITERAL_CONVERSION = YES;
				CLANG_WARN_OBJC_ROOT_CLASS = YES_ERROR;
				CLANG_WARN_QUOTED_INCLUDE_IN_FRAMEWORK_HEADER = YES;
				CLANG_WARN_RANGE_LOOP_ANALYSIS = YES;
				CLANG_WARN_STRICT_PROTOTYPES = YES;
				CLANG_WARN_SUSPICIOUS_MOVE = YES;
				CLANG_WARN_UNGUARDED_AVAILABILITY = YES_AGGRESSIVE;
				CLANG_WARN_UNREACHABLE_CODE = YES;
				CLANG_WARN__DUPLICATE_METHOD_MATCH = YES;
				COPY_PHASE_STRIP = NO;
				DEBUG_INFORMATION_FORMAT = dwarf;
				ENABLE_STRICT_OBJC_MSGSEND = YES;
				ENABLE_TESTABILITY = YES;
				GCC_C_LANGUAGE_STANDARD = gnu11;
				GCC_DYNAMIC_NO_PIC = NO;
				GCC_NO_COMMON_BLOCKS = YES;
				GCC_OPTIMIZATION_LEVEL = 0;
				GCC_PREPROCESSOR_DEFINITIONS = (
					"DEBUG=1",
					"$(inherited)",
				);
				GCC_WARN_64_TO_32_BIT_CONVERSION = YES;
				GCC_WARN_ABOUT_RETURN_TYPE = YES_ERROR;
				GCC_WARN_UNDECLARED_SELECTOR = YES;
				GCC_WARN_UNINITIALIZED_AUTOS = YES_AGGRESSIVE;
				GCC_WARN_UNUSED_FUNCTION = YES;
				GCC_WARN_UNUSED_VARIABLE = YES;
				IPHONEOS_DEPLOYMENT_TARGET = 16.4;
				MTL_ENABLE_DEBUG_INFO = INCLUDE_SOURCE;
				MTL_FAST_MATH = YES;
				ONLY_ACTIVE_ARCH = YES;
				SDKROOT = iphoneos;
				SWIFT_ACTIVE_COMPILATION_CONDITIONS = DEBUG;
				SWIFT_OPTIMIZATION_LEVEL = "-Onone";
			};
			name = Debug;
		};
		226D53CB2A89AC1B00AAB8C1 /* Release */ = {
			isa = XCBuildConfiguration;
			buildSettings = {
				ALWAYS_SEARCH_USER_PATHS = NO;
				CLANG_ANALYZER_NONNULL = YES;
				CLANG_ANALYZER_NUMBER_OBJECT_CONVERSION = YES_AGGRESSIVE;
				CLANG_CXX_LANGUAGE_STANDARD = "gnu++20";
				CLANG_ENABLE_MODULES = YES;
				CLANG_ENABLE_OBJC_ARC = YES;
				CLANG_ENABLE_OBJC_WEAK = YES;
				CLANG_WARN_BLOCK_CAPTURE_AUTORELEASING = YES;
				CLANG_WARN_BOOL_CONVERSION = YES;
				CLANG_WARN_COMMA = YES;
				CLANG_WARN_CONSTANT_CONVERSION = YES;
				CLANG_WARN_DEPRECATED_OBJC_IMPLEMENTATIONS = YES;
				CLANG_WARN_DIRECT_OBJC_ISA_USAGE = YES_ERROR;
				CLANG_WARN_DOCUMENTATION_COMMENTS = YES;
				CLANG_WARN_EMPTY_BODY = YES;
				CLANG_WARN_ENUM_CONVERSION = YES;
				CLANG_WARN_INFINITE_RECURSION = YES;
				CLANG_WARN_INT_CONVERSION = YES;
				CLANG_WARN_NON_LITERAL_NULL_CONVERSION = YES;
				CLANG_WARN_OBJC_IMPLICIT_RETAIN_SELF = YES;
				CLANG_WARN_OBJC_LITERAL_CONVERSION = YES;
				CLANG_WARN_OBJC_ROOT_CLASS = YES_ERROR;
				CLANG_WARN_QUOTED_INCLUDE_IN_FRAMEWORK_HEADER = YES;
				CLANG_WARN_RANGE_LOOP_ANALYSIS = YES;
				CLANG_WARN_STRICT_PROTOTYPES = YES;
				CLANG_WARN_SUSPICIOUS_MOVE = YES;
				CLANG_WARN_UNGUARDED_AVAILABILITY = YES_AGGRESSIVE;
				CLANG_WARN_UNREACHABLE_CODE = YES;
				CLANG_WARN__DUPLICATE_METHOD_MATCH = YES;
				COPY_PHASE_STRIP = NO;
				DEBUG_INFORMATION_FORMAT = "dwarf-with-dsym";
				ENABLE_NS_ASSERTIONS = NO;
				ENABLE_STRICT_OBJC_MSGSEND = YES;
				GCC_C_LANGUAGE_STANDARD = gnu11;
				GCC_NO_COMMON_BLOCKS = YES;
				GCC_WARN_64_TO_32_BIT_CONVERSION = YES;
				GCC_WARN_ABOUT_RETURN_TYPE = YES_ERROR;
				GCC_WARN_UNDECLARED_SELECTOR = YES;
				GCC_WARN_UNINITIALIZED_AUTOS = YES_AGGRESSIVE;
				GCC_WARN_UNUSED_FUNCTION = YES;
				GCC_WARN_UNUSED_VARIABLE = YES;
				IPHONEOS_DEPLOYMENT_TARGET = 16.4;
				MTL_ENABLE_DEBUG_INFO = NO;
				MTL_FAST_MATH = YES;
				SDKROOT = iphoneos;
				SWIFT_COMPILATION_MODE = wholemodule;
				SWIFT_OPTIMIZATION_LEVEL = "-O";
				VALIDATE_PRODUCT = YES;
			};
			name = Release;
		};
		226D53CD2A89AC1B00AAB8C1 /* Debug */ = {
			isa = XCBuildConfiguration;
			buildSettings = {
				ASSETCATALOG_COMPILER_APPICON_NAME = AppIcon;
				ASSETCATALOG_COMPILER_GLOBAL_ACCENT_COLOR_NAME = AccentColor;
				ASSETCATALOG_COMPILER_INCLUDE_ALL_APPICON_ASSETS = NO;
				CODE_SIGN_STYLE = Automatic;
				CURRENT_PROJECT_VERSION = 1;
				DEVELOPMENT_ASSET_PATHS = "\"MELTv4/Preview Content\"";
				DEVELOPMENT_TEAM = 8T66PM3UR2;
				ENABLE_PREVIEWS = YES;
				GENERATE_INFOPLIST_FILE = YES;
				INFOPLIST_KEY_UIApplicationSceneManifest_Generation = YES;
				INFOPLIST_KEY_UIApplicationSupportsIndirectInputEvents = YES;
				INFOPLIST_KEY_UILaunchScreen_Generation = YES;
				INFOPLIST_KEY_UILaunchStoryboardName = SplashScreenView.swift;
				INFOPLIST_KEY_UISupportedInterfaceOrientations_iPad = "UIInterfaceOrientationPortrait UIInterfaceOrientationPortraitUpsideDown UIInterfaceOrientationLandscapeLeft UIInterfaceOrientationLandscapeRight";
				INFOPLIST_KEY_UISupportedInterfaceOrientations_iPhone = "UIInterfaceOrientationPortrait UIInterfaceOrientationLandscapeLeft UIInterfaceOrientationLandscapeRight";
				LD_RUNPATH_SEARCH_PATHS = (
					"$(inherited)",
					"@executable_path/Frameworks",
				);
				MARKETING_VERSION = 1.0;
				PRODUCT_BUNDLE_IDENTIFIER = com.jimsweeney.MELTv4;
				PRODUCT_NAME = "$(TARGET_NAME)";
				SWIFT_EMIT_LOC_STRINGS = YES;
				SWIFT_VERSION = 5.0;
				TARGETED_DEVICE_FAMILY = "1,2";
			};
			name = Debug;
		};
		226D53CE2A89AC1B00AAB8C1 /* Release */ = {
			isa = XCBuildConfiguration;
			buildSettings = {
				ASSETCATALOG_COMPILER_APPICON_NAME = AppIcon;
				ASSETCATALOG_COMPILER_GLOBAL_ACCENT_COLOR_NAME = AccentColor;
				ASSETCATALOG_COMPILER_INCLUDE_ALL_APPICON_ASSETS = NO;
				CODE_SIGN_STYLE = Automatic;
				CURRENT_PROJECT_VERSION = 1;
				DEVELOPMENT_ASSET_PATHS = "\"MELTv4/Preview Content\"";
				DEVELOPMENT_TEAM = 8T66PM3UR2;
				ENABLE_PREVIEWS = YES;
				GENERATE_INFOPLIST_FILE = YES;
				INFOPLIST_KEY_UIApplicationSceneManifest_Generation = YES;
				INFOPLIST_KEY_UIApplicationSupportsIndirectInputEvents = YES;
				INFOPLIST_KEY_UILaunchScreen_Generation = YES;
				INFOPLIST_KEY_UILaunchStoryboardName = SplashScreenView.swift;
				INFOPLIST_KEY_UISupportedInterfaceOrientations_iPad = "UIInterfaceOrientationPortrait UIInterfaceOrientationPortraitUpsideDown UIInterfaceOrientationLandscapeLeft UIInterfaceOrientationLandscapeRight";
				INFOPLIST_KEY_UISupportedInterfaceOrientations_iPhone = "UIInterfaceOrientationPortrait UIInterfaceOrientationLandscapeLeft UIInterfaceOrientationLandscapeRight";
				LD_RUNPATH_SEARCH_PATHS = (
					"$(inherited)",
					"@executable_path/Frameworks",
				);
				MARKETING_VERSION = 1.0;
				PRODUCT_BUNDLE_IDENTIFIER = com.jimsweeney.MELTv4;
				PRODUCT_NAME = "$(TARGET_NAME)";
				SWIFT_EMIT_LOC_STRINGS = YES;
				SWIFT_VERSION = 5.0;
				TARGETED_DEVICE_FAMILY = "1,2";
			};
			name = Release;
		};
		226D53D02A89AC1B00AAB8C1 /* Debug */ = {
			isa = XCBuildConfiguration;
			buildSettings = {
				ALWAYS_EMBED_SWIFT_STANDARD_LIBRARIES = YES;
				BUNDLE_LOADER = "$(TEST_HOST)";
				CODE_SIGN_STYLE = Automatic;
				CURRENT_PROJECT_VERSION = 1;
				GENERATE_INFOPLIST_FILE = YES;
				IPHONEOS_DEPLOYMENT_TARGET = 16.4;
				MARKETING_VERSION = 1.0;
				PRODUCT_BUNDLE_IDENTIFIER = com.jimsweeney.MELTv4Tests;
				PRODUCT_NAME = "$(TARGET_NAME)";
				SWIFT_EMIT_LOC_STRINGS = NO;
				SWIFT_VERSION = 5.0;
				TARGETED_DEVICE_FAMILY = "1,2";
				TEST_HOST = "$(BUILT_PRODUCTS_DIR)/MELTv4.app/$(BUNDLE_EXECUTABLE_FOLDER_PATH)/MELTv4";
			};
			name = Debug;
		};
		226D53D12A89AC1B00AAB8C1 /* Release */ = {
			isa = XCBuildConfiguration;
			buildSettings = {
				ALWAYS_EMBED_SWIFT_STANDARD_LIBRARIES = YES;
				BUNDLE_LOADER = "$(TEST_HOST)";
				CODE_SIGN_STYLE = Automatic;
				CURRENT_PROJECT_VERSION = 1;
				GENERATE_INFOPLIST_FILE = YES;
				IPHONEOS_DEPLOYMENT_TARGET = 16.4;
				MARKETING_VERSION = 1.0;
				PRODUCT_BUNDLE_IDENTIFIER = com.jimsweeney.MELTv4Tests;
				PRODUCT_NAME = "$(TARGET_NAME)";
				SWIFT_EMIT_LOC_STRINGS = NO;
				SWIFT_VERSION = 5.0;
				TARGETED_DEVICE_FAMILY = "1,2";
				TEST_HOST = "$(BUILT_PRODUCTS_DIR)/MELTv4.app/$(BUNDLE_EXECUTABLE_FOLDER_PATH)/MELTv4";
			};
			name = Release;
		};
		226D53D32A89AC1B00AAB8C1 /* Debug */ = {
			isa = XCBuildConfiguration;
			buildSettings = {
				ALWAYS_EMBED_SWIFT_STANDARD_LIBRARIES = YES;
				CODE_SIGN_STYLE = Automatic;
				CURRENT_PROJECT_VERSION = 1;
				GENERATE_INFOPLIST_FILE = YES;
				MARKETING_VERSION = 1.0;
				PRODUCT_BUNDLE_IDENTIFIER = com.jimsweeney.MELTv4UITests;
				PRODUCT_NAME = "$(TARGET_NAME)";
				SWIFT_EMIT_LOC_STRINGS = NO;
				SWIFT_VERSION = 5.0;
				TARGETED_DEVICE_FAMILY = "1,2";
				TEST_TARGET_NAME = MELTv4;
			};
			name = Debug;
		};
		226D53D42A89AC1B00AAB8C1 /* Release */ = {
			isa = XCBuildConfiguration;
			buildSettings = {
				ALWAYS_EMBED_SWIFT_STANDARD_LIBRARIES = YES;
				CODE_SIGN_STYLE = Automatic;
				CURRENT_PROJECT_VERSION = 1;
				GENERATE_INFOPLIST_FILE = YES;
				MARKETING_VERSION = 1.0;
				PRODUCT_BUNDLE_IDENTIFIER = com.jimsweeney.MELTv4UITests;
				PRODUCT_NAME = "$(TARGET_NAME)";
				SWIFT_EMIT_LOC_STRINGS = NO;
				SWIFT_VERSION = 5.0;
				TARGETED_DEVICE_FAMILY = "1,2";
				TEST_TARGET_NAME = MELTv4;
			};
			name = Release;
		};
/* End XCBuildConfiguration section */

/* Begin XCConfigurationList section */
		226D53A32A89AC1A00AAB8C1 /* Build configuration list for PBXProject "MELTv4" */ = {
			isa = XCConfigurationList;
			buildConfigurations = (
				226D53CA2A89AC1B00AAB8C1 /* Debug */,
				226D53CB2A89AC1B00AAB8C1 /* Release */,
			);
			defaultConfigurationIsVisible = 0;
			defaultConfigurationName = Release;
		};
		226D53CC2A89AC1B00AAB8C1 /* Build configuration list for PBXNativeTarget "MELTv4" */ = {
			isa = XCConfigurationList;
			buildConfigurations = (
				226D53CD2A89AC1B00AAB8C1 /* Debug */,
				226D53CE2A89AC1B00AAB8C1 /* Release */,
			);
			defaultConfigurationIsVisible = 0;
			defaultConfigurationName = Release;
		};
		226D53CF2A89AC1B00AAB8C1 /* Build configuration list for PBXNativeTarget "MELTv4Tests" */ = {
			isa = XCConfigurationList;
			buildConfigurations = (
				226D53D02A89AC1B00AAB8C1 /* Debug */,
				226D53D12A89AC1B00AAB8C1 /* Release */,
			);
			defaultConfigurationIsVisible = 0;
			defaultConfigurationName = Release;
		};
		226D53D22A89AC1B00AAB8C1 /* Build configuration list for PBXNativeTarget "MELTv4UITests" */ = {
			isa = XCConfigurationList;
			buildConfigurations = (
				226D53D32A89AC1B00AAB8C1 /* Debug */,
				226D53D42A89AC1B00AAB8C1 /* Release */,
			);
			defaultConfigurationIsVisible = 0;
			defaultConfigurationName = Release;
		};
/* End XCConfigurationList section */

/* Begin XCRemoteSwiftPackageReference section */
		225723C92AB126E80029F051 /* XCRemoteSwiftPackageReference "firebase-ios-sdk" */ = {
			isa = XCRemoteSwiftPackageReference;
			repositoryURL = "https://github.com/firebase/firebase-ios-sdk.git";
			requirement = {
				kind = upToNextMajorVersion;
				minimumVersion = 10.0.0;
			};
		};
/* End XCRemoteSwiftPackageReference section */

/* Begin XCSwiftPackageProductDependency section */
		225723CA2AB126E80029F051 /* FirebaseAnalytics */ = {
			isa = XCSwiftPackageProductDependency;
			package = 225723C92AB126E80029F051 /* XCRemoteSwiftPackageReference "firebase-ios-sdk" */;
			productName = FirebaseAnalytics;
		};
		225723CC2AB126E80029F051 /* FirebaseAnalyticsOnDeviceConversion */ = {
			isa = XCSwiftPackageProductDependency;
			package = 225723C92AB126E80029F051 /* XCRemoteSwiftPackageReference "firebase-ios-sdk" */;
			productName = FirebaseAnalyticsOnDeviceConversion;
		};
		225723CE2AB126E80029F051 /* FirebaseAnalyticsSwift */ = {
			isa = XCSwiftPackageProductDependency;
			package = 225723C92AB126E80029F051 /* XCRemoteSwiftPackageReference "firebase-ios-sdk" */;
			productName = FirebaseAnalyticsSwift;
		};
		225723D02AB126E80029F051 /* FirebaseAnalyticsWithoutAdIdSupport */ = {
			isa = XCSwiftPackageProductDependency;
			package = 225723C92AB126E80029F051 /* XCRemoteSwiftPackageReference "firebase-ios-sdk" */;
			productName = FirebaseAnalyticsWithoutAdIdSupport;
		};
		225723D22AB126E80029F051 /* FirebaseAppCheck */ = {
			isa = XCSwiftPackageProductDependency;
			package = 225723C92AB126E80029F051 /* XCRemoteSwiftPackageReference "firebase-ios-sdk" */;
			productName = FirebaseAppCheck;
		};
		225723D42AB126E80029F051 /* FirebaseAppDistribution-Beta */ = {
			isa = XCSwiftPackageProductDependency;
			package = 225723C92AB126E80029F051 /* XCRemoteSwiftPackageReference "firebase-ios-sdk" */;
			productName = "FirebaseAppDistribution-Beta";
		};
		225723D62AB126E80029F051 /* FirebaseAuth */ = {
			isa = XCSwiftPackageProductDependency;
			package = 225723C92AB126E80029F051 /* XCRemoteSwiftPackageReference "firebase-ios-sdk" */;
			productName = FirebaseAuth;
		};
		225723D82AB126E80029F051 /* FirebaseAuthCombine-Community */ = {
			isa = XCSwiftPackageProductDependency;
			package = 225723C92AB126E80029F051 /* XCRemoteSwiftPackageReference "firebase-ios-sdk" */;
			productName = "FirebaseAuthCombine-Community";
		};
		225723DA2AB126E80029F051 /* FirebaseCrashlytics */ = {
			isa = XCSwiftPackageProductDependency;
			package = 225723C92AB126E80029F051 /* XCRemoteSwiftPackageReference "firebase-ios-sdk" */;
			productName = FirebaseCrashlytics;
		};
		225723DC2AB126E80029F051 /* FirebaseDatabase */ = {
			isa = XCSwiftPackageProductDependency;
			package = 225723C92AB126E80029F051 /* XCRemoteSwiftPackageReference "firebase-ios-sdk" */;
			productName = FirebaseDatabase;
		};
		225723DE2AB126E80029F051 /* FirebaseDatabaseSwift */ = {
			isa = XCSwiftPackageProductDependency;
			package = 225723C92AB126E80029F051 /* XCRemoteSwiftPackageReference "firebase-ios-sdk" */;
			productName = FirebaseDatabaseSwift;
		};
		225723E02AB126E80029F051 /* FirebaseDynamicLinks */ = {
			isa = XCSwiftPackageProductDependency;
			package = 225723C92AB126E80029F051 /* XCRemoteSwiftPackageReference "firebase-ios-sdk" */;
			productName = FirebaseDynamicLinks;
		};
		225723E22AB126E80029F051 /* FirebaseFirestore */ = {
			isa = XCSwiftPackageProductDependency;
			package = 225723C92AB126E80029F051 /* XCRemoteSwiftPackageReference "firebase-ios-sdk" */;
			productName = FirebaseFirestore;
		};
		225723E42AB126E80029F051 /* FirebaseFirestoreCombine-Community */ = {
			isa = XCSwiftPackageProductDependency;
			package = 225723C92AB126E80029F051 /* XCRemoteSwiftPackageReference "firebase-ios-sdk" */;
			productName = "FirebaseFirestoreCombine-Community";
		};
		225723E62AB126E80029F051 /* FirebaseFirestoreSwift */ = {
			isa = XCSwiftPackageProductDependency;
			package = 225723C92AB126E80029F051 /* XCRemoteSwiftPackageReference "firebase-ios-sdk" */;
			productName = FirebaseFirestoreSwift;
		};
		225723E82AB126E80029F051 /* FirebaseFunctions */ = {
			isa = XCSwiftPackageProductDependency;
			package = 225723C92AB126E80029F051 /* XCRemoteSwiftPackageReference "firebase-ios-sdk" */;
			productName = FirebaseFunctions;
		};
		225723EA2AB126E80029F051 /* FirebaseFunctionsCombine-Community */ = {
			isa = XCSwiftPackageProductDependency;
			package = 225723C92AB126E80029F051 /* XCRemoteSwiftPackageReference "firebase-ios-sdk" */;
			productName = "FirebaseFunctionsCombine-Community";
		};
		225723EC2AB126E80029F051 /* FirebaseInAppMessaging-Beta */ = {
			isa = XCSwiftPackageProductDependency;
			package = 225723C92AB126E80029F051 /* XCRemoteSwiftPackageReference "firebase-ios-sdk" */;
			productName = "FirebaseInAppMessaging-Beta";
		};
		225723EE2AB126E80029F051 /* FirebaseInAppMessagingSwift-Beta */ = {
			isa = XCSwiftPackageProductDependency;
			package = 225723C92AB126E80029F051 /* XCRemoteSwiftPackageReference "firebase-ios-sdk" */;
			productName = "FirebaseInAppMessagingSwift-Beta";
		};
		225723F02AB126E80029F051 /* FirebaseInstallations */ = {
			isa = XCSwiftPackageProductDependency;
			package = 225723C92AB126E80029F051 /* XCRemoteSwiftPackageReference "firebase-ios-sdk" */;
			productName = FirebaseInstallations;
		};
		225723F22AB126E80029F051 /* FirebaseMLModelDownloader */ = {
			isa = XCSwiftPackageProductDependency;
			package = 225723C92AB126E80029F051 /* XCRemoteSwiftPackageReference "firebase-ios-sdk" */;
			productName = FirebaseMLModelDownloader;
		};
		225723F42AB126E80029F051 /* FirebaseMessaging */ = {
			isa = XCSwiftPackageProductDependency;
			package = 225723C92AB126E80029F051 /* XCRemoteSwiftPackageReference "firebase-ios-sdk" */;
			productName = FirebaseMessaging;
		};
		225723F62AB126E80029F051 /* FirebasePerformance */ = {
			isa = XCSwiftPackageProductDependency;
			package = 225723C92AB126E80029F051 /* XCRemoteSwiftPackageReference "firebase-ios-sdk" */;
			productName = FirebasePerformance;
		};
		225723F82AB126E80029F051 /* FirebaseRemoteConfig */ = {
			isa = XCSwiftPackageProductDependency;
			package = 225723C92AB126E80029F051 /* XCRemoteSwiftPackageReference "firebase-ios-sdk" */;
			productName = FirebaseRemoteConfig;
		};
		225723FA2AB126E80029F051 /* FirebaseRemoteConfigSwift */ = {
			isa = XCSwiftPackageProductDependency;
			package = 225723C92AB126E80029F051 /* XCRemoteSwiftPackageReference "firebase-ios-sdk" */;
			productName = FirebaseRemoteConfigSwift;
		};
		225723FC2AB126E80029F051 /* FirebaseStorage */ = {
			isa = XCSwiftPackageProductDependency;
			package = 225723C92AB126E80029F051 /* XCRemoteSwiftPackageReference "firebase-ios-sdk" */;
			productName = FirebaseStorage;
		};
		225723FE2AB126E80029F051 /* FirebaseStorageCombine-Community */ = {
			isa = XCSwiftPackageProductDependency;
			package = 225723C92AB126E80029F051 /* XCRemoteSwiftPackageReference "firebase-ios-sdk" */;
			productName = "FirebaseStorageCombine-Community";
		};
/* End XCSwiftPackageProductDependency section */
	};
	rootObject = 226D53A02A89AC1A00AAB8C1 /* Project object */;
}
